// !$*UTF8*$!
{
	archiveVersion = 1;
	classes = {
	};
	objectVersion = 46;
	objects = {

/* Begin PBXBuildFile section */
		45C565DC1993D3E9003E3726 /* AppDelegate.swift in Sources */ = {isa = PBXBuildFile; fileRef = 45C565DB1993D3E9003E3726 /* AppDelegate.swift */; };
		45C565DF1993D3E9003E3726 /* Clinic_Today.xcdatamodeld in Sources */ = {isa = PBXBuildFile; fileRef = 45C565DD1993D3E9003E3726 /* Clinic_Today.xcdatamodeld */; };
		45C565E11993D3E9003E3726 /* ViewController.swift in Sources */ = {isa = PBXBuildFile; fileRef = 45C565E01993D3E9003E3726 /* ViewController.swift */; };
		45C565E41993D3E9003E3726 /* Main.storyboard in Resources */ = {isa = PBXBuildFile; fileRef = 45C565E21993D3E9003E3726 /* Main.storyboard */; };
		45C565E61993D3E9003E3726 /* Images.xcassets in Resources */ = {isa = PBXBuildFile; fileRef = 45C565E51993D3E9003E3726 /* Images.xcassets */; };
		45C565F21993D3E9003E3726 /* Clinic_TodayTests.swift in Sources */ = {isa = PBXBuildFile; fileRef = 45C565F11993D3E9003E3726 /* Clinic_TodayTests.swift */; };
/* End PBXBuildFile section */

/* Begin PBXContainerItemProxy section */
		45C565EC1993D3E9003E3726 /* PBXContainerItemProxy */ = {
			isa = PBXContainerItemProxy;
			containerPortal = 45C565CE1993D3E9003E3726 /* Project object */;
			proxyType = 1;
			remoteGlobalIDString = 45C565D51993D3E9003E3726;
			remoteInfo = Clinic.Today;
		};
/* End PBXContainerItemProxy section */

/* Begin PBXFileReference section */
		45C565D61993D3E9003E3726 /* Clinic.Today.app */ = {isa = PBXFileReference; explicitFileType = wrapper.application; includeInIndex = 0; path = Clinic.Today.app; sourceTree = BUILT_PRODUCTS_DIR; };
		45C565DA1993D3E9003E3726 /* Info.plist */ = {isa = PBXFileReference; lastKnownFileType = text.plist.xml; path = Info.plist; sourceTree = "<group>"; };
		45C565DB1993D3E9003E3726 /* AppDelegate.swift */ = {isa = PBXFileReference; lastKnownFileType = sourcecode.swift; path = AppDelegate.swift; sourceTree = "<group>"; };
		45C565DE1993D3E9003E3726 /* Clinic_Today.xcdatamodel */ = {isa = PBXFileReference; lastKnownFileType = wrapper.xcdatamodel; path = Clinic_Today.xcdatamodel; sourceTree = "<group>"; };
		45C565E01993D3E9003E3726 /* ViewController.swift */ = {isa = PBXFileReference; lastKnownFileType = sourcecode.swift; path = ViewController.swift; sourceTree = "<group>"; };
		45C565E31993D3E9003E3726 /* Base */ = {isa = PBXFileReference; lastKnownFileType = file.storyboard; name = Base; path = Base.lproj/Main.storyboard; sourceTree = "<group>"; };
		45C565E51993D3E9003E3726 /* Images.xcassets */ = {isa = PBXFileReference; lastKnownFileType = folder.assetcatalog; path = Images.xcassets; sourceTree = "<group>"; };
		45C565EB1993D3E9003E3726 /* Clinic.TodayTests.xctest */ = {isa = PBXFileReference; explicitFileType = wrapper.cfbundle; includeInIndex = 0; path = Clinic.TodayTests.xctest; sourceTree = BUILT_PRODUCTS_DIR; };
		45C565F01993D3E9003E3726 /* Info.plist */ = {isa = PBXFileReference; lastKnownFileType = text.plist.xml; path = Info.plist; sourceTree = "<group>"; };
		45C565F11993D3E9003E3726 /* Clinic_TodayTests.swift */ = {isa = PBXFileReference; lastKnownFileType = sourcecode.swift; path = Clinic_TodayTests.swift; sourceTree = "<group>"; };
/* End PBXFileReference section */

/* Begin PBXFrameworksBuildPhase section */
		45C565D31993D3E9003E3726 /* Frameworks */ = {
			isa = PBXFrameworksBuildPhase;
			buildActionMask = 2147483647;
			files = (
			);
			runOnlyForDeploymentPostprocessing = 0;
		};
		45C565E81993D3E9003E3726 /* Frameworks */ = {
			isa = PBXFrameworksBuildPhase;
			buildActionMask = 2147483647;
			files = (
			);
			runOnlyForDeploymentPostprocessing = 0;
		};
/* End PBXFrameworksBuildPhase section */

/* Begin PBXGroup section */
		45C565CD1993D3E9003E3726 = {
			isa = PBXGroup;
			children = (
				45C565D81993D3E9003E3726 /* Clinic.Today */,
				45C565EE1993D3E9003E3726 /* Clinic.TodayTests */,
				45C565D71993D3E9003E3726 /* Products */,
			);
			sourceTree = "<group>";
		};
		45C565D71993D3E9003E3726 /* Products */ = {
			isa = PBXGroup;
			children = (
				45C565D61993D3E9003E3726 /* Clinic.Today.app */,
				45C565EB1993D3E9003E3726 /* Clinic.TodayTests.xctest */,
			);
			name = Products;
			sourceTree = "<group>";
		};
		45C565D81993D3E9003E3726 /* Clinic.Today */ = {
			isa = PBXGroup;
			children = (
				45C565DB1993D3E9003E3726 /* AppDelegate.swift */,
				45C565E01993D3E9003E3726 /* ViewController.swift */,
				45C565E21993D3E9003E3726 /* Main.storyboard */,
				45C565E51993D3E9003E3726 /* Images.xcassets */,
				45C565DD1993D3E9003E3726 /* Clinic_Today.xcdatamodeld */,
				45C565D91993D3E9003E3726 /* Supporting Files */,
			);
			path = Clinic.Today;
			sourceTree = "<group>";
		};
		45C565D91993D3E9003E3726 /* Supporting Files */ = {
			isa = PBXGroup;
			children = (
				45C565DA1993D3E9003E3726 /* Info.plist */,
			);
			name = "Supporting Files";
			sourceTree = "<group>";
		};
		45C565EE1993D3E9003E3726 /* Clinic.TodayTests */ = {
			isa = PBXGroup;
			children = (
				45C565F11993D3E9003E3726 /* Clinic_TodayTests.swift */,
				45C565EF1993D3E9003E3726 /* Supporting Files */,
			);
			path = Clinic.TodayTests;
			sourceTree = "<group>";
		};
		45C565EF1993D3E9003E3726 /* Supporting Files */ = {
			isa = PBXGroup;
			children = (
				45C565F01993D3E9003E3726 /* Info.plist */,
			);
			name = "Supporting Files";
			sourceTree = "<group>";
		};
/* End PBXGroup section */

/* Begin PBXNativeTarget section */
		45C565D51993D3E9003E3726 /* Clinic.Today */ = {
			isa = PBXNativeTarget;
			buildConfigurationList = 45C565F51993D3E9003E3726 /* Build configuration list for PBXNativeTarget "Clinic.Today" */;
			buildPhases = (
				45C565D21993D3E9003E3726 /* Sources */,
				45C565D31993D3E9003E3726 /* Frameworks */,
				45C565D41993D3E9003E3726 /* Resources */,
			);
			buildRules = (
			);
			dependencies = (
			);
			name = Clinic.Today;
			productName = Clinic.Today;
			productReference = 45C565D61993D3E9003E3726 /* Clinic.Today.app */;
			productType = "com.apple.product-type.application";
		};
		45C565EA1993D3E9003E3726 /* Clinic.TodayTests */ = {
			isa = PBXNativeTarget;
			buildConfigurationList = 45C565F81993D3E9003E3726 /* Build configuration list for PBXNativeTarget "Clinic.TodayTests" */;
			buildPhases = (
				45C565E71993D3E9003E3726 /* Sources */,
				45C565E81993D3E9003E3726 /* Frameworks */,
				45C565E91993D3E9003E3726 /* Resources */,
			);
			buildRules = (
			);
			dependencies = (
				45C565ED1993D3E9003E3726 /* PBXTargetDependency */,
			);
			name = Clinic.TodayTests;
			productName = Clinic.TodayTests;
			productReference = 45C565EB1993D3E9003E3726 /* Clinic.TodayTests.xctest */;
			productType = "com.apple.product-type.bundle.unit-test";
		};
/* End PBXNativeTarget section */

/* Begin PBXProject section */
		45C565CE1993D3E9003E3726 /* Project object */ = {
			isa = PBXProject;
			attributes = {
				LastUpgradeCheck = 0600;
				ORGANIZATIONNAME = Ruben;
				TargetAttributes = {
					45C565D51993D3E9003E3726 = {
						CreatedOnToolsVersion = 6.0;
					};
					45C565EA1993D3E9003E3726 = {
						CreatedOnToolsVersion = 6.0;
						TestTargetID = 45C565D51993D3E9003E3726;
					};
				};
			};
			buildConfigurationList = 45C565D11993D3E9003E3726 /* Build configuration list for PBXProject "Clinic.Today" */;
			compatibilityVersion = "Xcode 3.2";
			developmentRegion = English;
			hasScannedForEncodings = 0;
			knownRegions = (
				en,
				Base,
			);
			mainGroup = 45C565CD1993D3E9003E3726;
			productRefGroup = 45C565D71993D3E9003E3726 /* Products */;
			projectDirPath = "";
			projectRoot = "";
			targets = (
				45C565D51993D3E9003E3726 /* Clinic.Today */,
				45C565EA1993D3E9003E3726 /* Clinic.TodayTests */,
			);
		};
/* End PBXProject section */

/* Begin PBXResourcesBuildPhase section */
		45C565D41993D3E9003E3726 /* Resources */ = {
			isa = PBXResourcesBuildPhase;
			buildActionMask = 2147483647;
			files = (
				45C565E41993D3E9003E3726 /* Main.storyboard in Resources */,
				45C565E61993D3E9003E3726 /* Images.xcassets in Resources */,
			);
			runOnlyForDeploymentPostprocessing = 0;
		};
		45C565E91993D3E9003E3726 /* Resources */ = {
			isa = PBXResourcesBuildPhase;
			buildActionMask = 2147483647;
			files = (
			);
			runOnlyForDeploymentPostprocessing = 0;
		};
/* End PBXResourcesBuildPhase section */

/* Begin PBXSourcesBuildPhase section */
		45C565D21993D3E9003E3726 /* Sources */ = {
			isa = PBXSourcesBuildPhase;
			buildActionMask = 2147483647;
			files = (
				45C565E11993D3E9003E3726 /* ViewController.swift in Sources */,
				45C565DC1993D3E9003E3726 /* AppDelegate.swift in Sources */,
				45C565DF1993D3E9003E3726 /* Clinic_Today.xcdatamodeld in Sources */,
			);
			runOnlyForDeploymentPostprocessing = 0;
		};
		45C565E71993D3E9003E3726 /* Sources */ = {
			isa = PBXSourcesBuildPhase;
			buildActionMask = 2147483647;
			files = (
				45C565F21993D3E9003E3726 /* Clinic_TodayTests.swift in Sources */,
			);
			runOnlyForDeploymentPostprocessing = 0;
		};
/* End PBXSourcesBuildPhase section */

/* Begin PBXTargetDependency section */
		45C565ED1993D3E9003E3726 /* PBXTargetDependency */ = {
			isa = PBXTargetDependency;
			target = 45C565D51993D3E9003E3726 /* Clinic.Today */;
			targetProxy = 45C565EC1993D3E9003E3726 /* PBXContainerItemProxy */;
		};
/* End PBXTargetDependency section */

/* Begin PBXVariantGroup section */
		45C565E21993D3E9003E3726 /* Main.storyboard */ = {
			isa = PBXVariantGroup;
			children = (
				45C565E31993D3E9003E3726 /* Base */,
			);
			name = Main.storyboard;
			sourceTree = "<group>";
		};
/* End PBXVariantGroup section */

/* Begin XCBuildConfiguration section */
		45C565F31993D3E9003E3726 /* Debug */ = {
			isa = XCBuildConfiguration;
			buildSettings = {
				ALWAYS_SEARCH_USER_PATHS = NO;
				CLANG_CXX_LANGUAGE_STANDARD = "gnu++0x";
				CLANG_CXX_LIBRARY = "libc++";
				CLANG_ENABLE_MODULES = YES;
				CLANG_ENABLE_OBJC_ARC = YES;
				CLANG_WARN_BOOL_CONVERSION = YES;
				CLANG_WARN_CONSTANT_CONVERSION = YES;
				CLANG_WARN_DIRECT_OBJC_ISA_USAGE = YES_ERROR;
				CLANG_WARN_EMPTY_BODY = YES;
				CLANG_WARN_ENUM_CONVERSION = YES;
				CLANG_WARN_INT_CONVERSION = YES;
				CLANG_WARN_OBJC_ROOT_CLASS = YES_ERROR;
				CLANG_WARN_UNREACHABLE_CODE = YES;
				CLANG_WARN__DUPLICATE_METHOD_MATCH = YES;
				"CODE_SIGN_IDENTITY[sdk=iphoneos*]" = "iPhone Developer";
				COPY_PHASE_STRIP = NO;
				ENABLE_STRICT_OBJC_MSGSEND = YES;
				GCC_C_LANGUAGE_STANDARD = gnu99;
				GCC_DYNAMIC_NO_PIC = NO;
				GCC_OPTIMIZATION_LEVEL = 0;
				GCC_PREPROCESSOR_DEFINITIONS = (
					"DEBUG=1",
					"$(inherited)",
				);
				GCC_SYMBOLS_PRIVATE_EXTERN = NO;
				GCC_WARN_64_TO_32_BIT_CONVERSION = YES;
				GCC_WARN_ABOUT_RETURN_TYPE = YES_ERROR;
				GCC_WARN_UNDECLARED_SELECTOR = YES;
				GCC_WARN_UNINITIALIZED_AUTOS = YES_AGGRESSIVE;
				GCC_WARN_UNUSED_FUNCTION = YES;
				GCC_WARN_UNUSED_VARIABLE = YES;
				IPHONEOS_DEPLOYMENT_TARGET = 8.0;
				MTL_ENABLE_DEBUG_INFO = YES;
				ONLY_ACTIVE_ARCH = YES;
				SDKROOT = iphoneos;
				SWIFT_OPTIMIZATION_LEVEL = "-Onone";
			};
			name = Debug;
		};
		45C565F41993D3E9003E3726 /* Release */ = {
			isa = XCBuildConfiguration;
			buildSettings = {
				ALWAYS_SEARCH_USER_PATHS = NO;
				CLANG_CXX_LANGUAGE_STANDARD = "gnu++0x";
				CLANG_CXX_LIBRARY = "libc++";
				CLANG_ENABLE_MODULES = YES;
				CLANG_ENABLE_OBJC_ARC = YES;
				CLANG_WARN_BOOL_CONVERSION = YES;
				CLANG_WARN_CONSTANT_CONVERSION = YES;
				CLANG_WARN_DIRECT_OBJC_ISA_USAGE = YES_ERROR;
				CLANG_WARN_EMPTY_BODY = YES;
				CLANG_WARN_ENUM_CONVERSION = YES;
				CLANG_WARN_INT_CONVERSION = YES;
				CLANG_WARN_OBJC_ROOT_CLASS = YES_ERROR;
				CLANG_WARN_UNREACHABLE_CODE = YES;
				CLANG_WARN__DUPLICATE_METHOD_MATCH = YES;
				"CODE_SIGN_IDENTITY[sdk=iphoneos*]" = "iPhone Developer";
				COPY_PHASE_STRIP = YES;
				ENABLE_NS_ASSERTIONS = NO;
				ENABLE_STRICT_OBJC_MSGSEND = YES;
				GCC_C_LANGUAGE_STANDARD = gnu99;
				GCC_WARN_64_TO_32_BIT_CONVERSION = YES;
				GCC_WARN_ABOUT_RETURN_TYPE = YES_ERROR;
				GCC_WARN_UNDECLARED_SELECTOR = YES;
				GCC_WARN_UNINITIALIZED_AUTOS = YES_AGGRESSIVE;
				GCC_WARN_UNUSED_FUNCTION = YES;
				GCC_WARN_UNUSED_VARIABLE = YES;
				IPHONEOS_DEPLOYMENT_TARGET = 8.0;
				MTL_ENABLE_DEBUG_INFO = NO;
				SDKROOT = iphoneos;
				VALIDATE_PRODUCT = YES;
			};
			name = Release;
		};
		45C565F61993D3E9003E3726 /* Debug */ = {
			isa = XCBuildConfiguration;
			buildSettings = {
				ASSETCATALOG_COMPILER_APPICON_NAME = AppIcon;
				ASSETCATALOG_COMPILER_LAUNCHIMAGE_NAME = LaunchImage;
				INFOPLIST_FILE = Clinic.Today/Info.plist;
				LD_RUNPATH_SEARCH_PATHS = "$(inherited) @executable_path/Frameworks";
				PRODUCT_NAME = "$(TARGET_NAME)";
			};
			name = Debug;
		};
		45C565F71993D3E9003E3726 /* Release */ = {
			isa = XCBuildConfiguration;
			buildSettings = {
				ASSETCATALOG_COMPILER_APPICON_NAME = AppIcon;
				ASSETCATALOG_COMPILER_LAUNCHIMAGE_NAME = LaunchImage;
				INFOPLIST_FILE = Clinic.Today/Info.plist;
				LD_RUNPATH_SEARCH_PATHS = "$(inherited) @executable_path/Frameworks";
				PRODUCT_NAME = "$(TARGET_NAME)";
			};
			name = Release;
		};
		45C565F91993D3E9003E3726 /* Debug */ = {
			isa = XCBuildConfiguration;
			buildSettings = {
				BUNDLE_LOADER = "$(TEST_HOST)";
				FRAMEWORK_SEARCH_PATHS = (
					"$(SDKROOT)/Developer/Library/Frameworks",
					"$(inherited)",
				);
				GCC_PREPROCESSOR_DEFINITIONS = (
					"DEBUG=1",
					"$(inherited)",
				);
				INFOPLIST_FILE = Clinic.TodayTests/Info.plist;
				LD_RUNPATH_SEARCH_PATHS = "$(inherited) @executable_path/Frameworks @loader_path/Frameworks";
				PRODUCT_NAME = "$(TARGET_NAME)";
				TEST_HOST = "$(BUILT_PRODUCTS_DIR)/Clinic.Today.app/Clinic.Today";
			};
			name = Debug;
		};
		45C565FA1993D3E9003E3726 /* Release */ = {
			isa = XCBuildConfiguration;
			buildSettings = {
				BUNDLE_LOADER = "$(TEST_HOST)";
				FRAMEWORK_SEARCH_PATHS = (
					"$(SDKROOT)/Developer/Library/Frameworks",
					"$(inherited)",
				);
				INFOPLIST_FILE = Clinic.TodayTests/Info.plist;
				LD_RUNPATH_SEARCH_PATHS = "$(inherited) @executable_path/Frameworks @loader_path/Frameworks";
				PRODUCT_NAME = "$(TARGET_NAME)";
				TEST_HOST = "$(BUILT_PRODUCTS_DIR)/Clinic.Today.app/Clinic.Today";
			};
			name = Release;
		};
/* End XCBuildConfiguration section */

/* Begin XCConfigurationList section */
		45C565D11993D3E9003E3726 /* Build configuration list for PBXProject "Clinic.Today" */ = {
			isa = XCConfigurationList;
			buildConfigurations = (
				45C565F31993D3E9003E3726 /* Debug */,
				45C565F41993D3E9003E3726 /* Release */,
			);
			defaultConfigurationIsVisible = 0;
			defaultConfigurationName = Release;
		};
		45C565F51993D3E9003E3726 /* Build configuration list for PBXNativeTarget "Clinic.Today" */ = {
			isa = XCConfigurationList;
			buildConfigurations = (
				45C565F61993D3E9003E3726 /* Debug */,
				45C565F71993D3E9003E3726 /* Release */,
			);
			defaultConfigurationIsVisible = 0;
		};
		45C565F81993D3E9003E3726 /* Build configuration list for PBXNativeTarget "Clinic.TodayTests" */ = {
			isa = XCConfigurationList;
			buildConfigurations = (
				45C565F91993D3E9003E3726 /* Debug */,
				45C565FA1993D3E9003E3726 /* Release */,
			);
			defaultConfigurationIsVisible = 0;
		};
/* End XCConfigurationList section */

/* Begin XCVersionGroup section */
		45C565DD1993D3E9003E3726 /* Clinic_Today.xcdatamodeld */ = {
			isa = XCVersionGroup;
			children = (
				45C565DE1993D3E9003E3726 /* Clinic_Today.xcdatamodel */,
			);
			currentVersion = 45C565DE1993D3E9003E3726 /* Clinic_Today.xcdatamodel */;
			path = Clinic_Today.xcdatamodeld;
			sourceTree = "<group>";
			versionGroupType = wrapper.xcdatamodel;
		};
/* End XCVersionGroup section */
	};
	rootObject = 45C565CE1993D3E9003E3726 /* Project object */;
}
